
Microsoft Visual Studio Solution File, Format Version 12.00
# Visual Studio Version 17
VisualStudioVersion = 17.9.34714.143
MinimumVisualStudioVersion = 10.0.40219.1
Project("{8BC9CEB8-8B4A-11D0-8D11-00A0C91BC942}") = "EaglePCIeDriver", "EaglePCIeDriver.vcxproj", "{C4FA8429-53C1-4ED9-8A20-F2BDF25877C4}"
EndProject
Project("{2150E333-8FDC-42A3-9474-1A3956D46DE8}") = "Solution Items", "Solution Items", "{DC6799D2-A8D0-473F-83D0-185479AED239}"
EndProject
Global
	GlobalSection(SolutionConfigurationPlatforms) = preSolution
		Debug|ARM64 = Debug|ARM64
		Debug|x64 = Debug|x64
		Release|ARM64 = Release|ARM64
		Release|x64 = Release|x64
	EndGlobalSection
	GlobalSection(ProjectConfigurationPlatforms) = postSolution
		{C4FA8429-53C1-4ED9-8A20-F2BDF25877C4}.Debug|ARM64.ActiveCfg = Debug|ARM64
		{C4FA8429-53C1-4ED9-8A20-F2BDF25877C4}.Debug|ARM64.Build.0 = Debug|ARM64
		{C4FA8429-53C1-4ED9-8A20-F2BDF25877C4}.Debug|ARM64.Deploy.0 = Debug|ARM64
		{C4FA8429-53C1-4ED9-8A20-F2BDF25877C4}.Debug|x64.ActiveCfg = Debug|x64
		{C4FA8429-53C1-4ED9-8A20-F2BDF25877C4}.Debug|x64.Build.0 = Debug|x64
		{C4FA8429-53C1-4ED9-8A20-F2BDF25877C4}.Debug|x64.Deploy.0 = Debug|x64
		{C4FA8429-53C1-4ED9-8A20-F2BDF25877C4}.Release|ARM64.ActiveCfg = Release|ARM64
		{C4FA8429-53C1-4ED9-8A20-F2BDF25877C4}.Release|ARM64.Build.0 = Release|ARM64
		{C4FA8429-53C1-4ED9-8A20-F2BDF25877C4}.Release|ARM64.Deploy.0 = Release|ARM64
		{C4FA8429-53C1-4ED9-8A20-F2BDF25877C4}.Release|x64.ActiveCfg = Release|x64
		{C4FA8429-53C1-4ED9-8A20-F2BDF25877C4}.Release|x64.Build.0 = Release|x64
		{C4FA8429-53C1-4ED9-8A20-F2BDF25877C4}.Release|x64.Deploy.0 = Release|x64
	EndGlobalSection
	GlobalSection(SolutionProperties) = preSolution
		HideSolutionNode = FALSE
	EndGlobalSection
	GlobalSection(ExtensibilityGlobals) = postSolution
		SolutionGuid = {2C1CC707-2339-40AA-A283-29331E9B32E4}
	EndGlobalSection
EndGlobal
